
Microsoft Visual Studio Solution File, Format Version 12.00
# Visual Studio Version 17
VisualStudioVersion = 17.11.35431.28
MinimumVisualStudioVersion = 10.0.40219.1
Project("{9A19103F-16F7-4668-BE54-9A1E7A4F7556}") = "IS_PartnerPolicy", "IS_PartnerPolicy.csproj", "{31870127-9DAA-43EC-BC8B-DA304BD9037A}"
EndProject
Global
	GlobalSection(SolutionConfigurationPlatforms) = preSolution
		Debug|Any CPU = Debug|Any CPU
		Release|Any CPU = Release|Any CPU
	EndGlobalSection
	GlobalSection(ProjectConfigurationPlatforms) = postSolution
		{31870127-9DAA-43EC-BC8B-DA304BD9037A}.Debug|Any CPU.ActiveCfg = Debug|Any CPU
		{31870127-9DAA-43EC-BC8B-DA304BD9037A}.Debug|Any CPU.Build.0 = Debug|Any CPU
		{31870127-9DAA-43EC-BC8B-DA304BD9037A}.Release|Any CPU.ActiveCfg = Release|Any CPU
		{31870127-9DAA-43EC-BC8B-DA304BD9037A}.Release|Any CPU.Build.0 = Release|Any CPU
	EndGlobalSection
	GlobalSection(SolutionProperties) = preSolution
		HideSolutionNode = FALSE
	EndGlobalSection
	GlobalSection(ExtensibilityGlobals) = postSolution
		SolutionGuid = {814FE8F9-776B-4314-ACA9-CCA0647F0667}
	EndGlobalSection
EndGlobal
